
Microsoft Visual Studio Solution File, Format Version 12.00
# Visual Studio Version 17
VisualStudioVersion = 17.13.35931.197
MinimumVisualStudioVersion = 10.0.40219.1
Project("{FAE04EC0-301F-11D3-BF4B-00C04F79EFBC}") = "TravelingApp.Infraestructure", "src\TravelingApp.Infraestructure\TravelingApp.Infraestructure.csproj", "{AE6BD41F-B4F4-4A85-B26A-4117C4F19412}"
EndProject
Project("{FAE04EC0-301F-11D3-BF4B-00C04F79EFBC}") = "TravelingApp.UnitTest", "test\TravelingApp.UnitTest\TravelingApp.UnitTest.csproj", "{3FF98C00-AF65-49CD-A35D-A259A413926D}"
EndProject
Project("{FAE04EC0-301F-11D3-BF4B-00C04F79EFBC}") = "TravelingApp.API", "src\TravelingApp.API\TravelingApp.API.csproj", "{CA951684-E127-4A44-A921-50BDD3B42205}"
EndProject
Project("{FAE04EC0-301F-11D3-BF4B-00C04F79EFBC}") = "TravelingApp.Application", "src\TravelingApp.Application\TravelingApp.Application.csproj", "{494BFCC9-4853-45E9-B720-5A910CF3CF0A}"
EndProject
Project("{FAE04EC0-301F-11D3-BF4B-00C04F79EFBC}") = "TravelingApp.Domain", "src\TravelingApp.Domain\TravelingApp.Domain.csproj", "{2C5C0053-20F8-4C88-974A-4C75A85523E1}"
EndProject
Project("{2150E333-8FDC-42A3-9474-1A3956D46DE8}") = "src", "src", "{DD4A0568-B7C8-4220-B746-E51D646D209E}"
EndProject
Project("{2150E333-8FDC-42A3-9474-1A3956D46DE8}") = "test", "test", "{7E69A359-DD10-497F-A606-8A591BED6250}"
EndProject
Global
	GlobalSection(SolutionConfigurationPlatforms) = preSolution
		Debug|Any CPU = Debug|Any CPU
		Release|Any CPU = Release|Any CPU
	EndGlobalSection
	GlobalSection(ProjectConfigurationPlatforms) = postSolution
		{AE6BD41F-B4F4-4A85-B26A-4117C4F19412}.Debug|Any CPU.ActiveCfg = Debug|Any CPU
		{AE6BD41F-B4F4-4A85-B26A-4117C4F19412}.Debug|Any CPU.Build.0 = Debug|Any CPU
		{AE6BD41F-B4F4-4A85-B26A-4117C4F19412}.Release|Any CPU.ActiveCfg = Release|Any CPU
		{AE6BD41F-B4F4-4A85-B26A-4117C4F19412}.Release|Any CPU.Build.0 = Release|Any CPU
		{3FF98C00-AF65-49CD-A35D-A259A413926D}.Debug|Any CPU.ActiveCfg = Debug|Any CPU
		{3FF98C00-AF65-49CD-A35D-A259A413926D}.Debug|Any CPU.Build.0 = Debug|Any CPU
		{3FF98C00-AF65-49CD-A35D-A259A413926D}.Release|Any CPU.ActiveCfg = Release|Any CPU
		{3FF98C00-AF65-49CD-A35D-A259A413926D}.Release|Any CPU.Build.0 = Release|Any CPU
		{CA951684-E127-4A44-A921-50BDD3B42205}.Debug|Any CPU.ActiveCfg = Debug|Any CPU
		{CA951684-E127-4A44-A921-50BDD3B42205}.Debug|Any CPU.Build.0 = Debug|Any CPU
		{CA951684-E127-4A44-A921-50BDD3B42205}.Release|Any CPU.ActiveCfg = Release|Any CPU
		{CA951684-E127-4A44-A921-50BDD3B42205}.Release|Any CPU.Build.0 = Release|Any CPU
		{494BFCC9-4853-45E9-B720-5A910CF3CF0A}.Debug|Any CPU.ActiveCfg = Debug|Any CPU
		{494BFCC9-4853-45E9-B720-5A910CF3CF0A}.Debug|Any CPU.Build.0 = Debug|Any CPU
		{494BFCC9-4853-45E9-B720-5A910CF3CF0A}.Release|Any CPU.ActiveCfg = Release|Any CPU
		{494BFCC9-4853-45E9-B720-5A910CF3CF0A}.Release|Any CPU.Build.0 = Release|Any CPU
		{2C5C0053-20F8-4C88-974A-4C75A85523E1}.Debug|Any CPU.ActiveCfg = Debug|Any CPU
		{2C5C0053-20F8-4C88-974A-4C75A85523E1}.Debug|Any CPU.Build.0 = Debug|Any CPU
		{2C5C0053-20F8-4C88-974A-4C75A85523E1}.Release|Any CPU.ActiveCfg = Release|Any CPU
		{2C5C0053-20F8-4C88-974A-4C75A85523E1}.Release|Any CPU.Build.0 = Release|Any CPU
	EndGlobalSection
	GlobalSection(SolutionProperties) = preSolution
		HideSolutionNode = FALSE
	EndGlobalSection
	GlobalSection(NestedProjects) = preSolution
		{494BFCC9-4853-45E9-B720-5A910CF3CF0A} = {DD4A0568-B7C8-4220-B746-E51D646D209E}
		{2C5C0053-20F8-4C88-974A-4C75A85523E1} = {DD4A0568-B7C8-4220-B746-E51D646D209E}
		{AE6BD41F-B4F4-4A85-B26A-4117C4F19412} = {DD4A0568-B7C8-4220-B746-E51D646D209E}
		{3FF98C00-AF65-49CD-A35D-A259A413926D} = {7E69A359-DD10-497F-A606-8A591BED6250}
		{CA951684-E127-4A44-A921-50BDD3B42205} = {DD4A0568-B7C8-4220-B746-E51D646D209E}
	EndGlobalSection
	GlobalSection(ExtensibilityGlobals) = postSolution
		SolutionGuid = {03FB3BFA-C8F3-432B-9CE6-5404DECA30C0}
	EndGlobalSection
EndGlobal
